// !$*UTF8*$!
{
	archiveVersion = 1;
	classes = {
	};
	objectVersion = 46;
	objects = {

/* Begin PBXBuildFile section */
		141CE92C13753D8600E9093D /* haarcascade_frontalface_alt.xml in Resources */ = {isa = PBXBuildFile; fileRef = 141CE92113753D8600E9093D /* haarcascade_frontalface_alt.xml */; };
		141CE92D13753D8600E9093D /* haarcascade_frontalface_alt2.xml in Resources */ = {isa = PBXBuildFile; fileRef = 141CE92213753D8600E9093D /* haarcascade_frontalface_alt2.xml */; };
		141CE92E13753D8600E9093D /* haarcascade_frontalface_alt_tree.xml in Resources */ = {isa = PBXBuildFile; fileRef = 141CE92313753D8600E9093D /* haarcascade_frontalface_alt_tree.xml */; };
		141CE92F13753D8600E9093D /* haarcascade_frontalface_default.xml in Resources */ = {isa = PBXBuildFile; fileRef = 141CE92413753D8600E9093D /* haarcascade_frontalface_default.xml */; };
		141CE93013753D8600E9093D /* haarcascade_fullbody.xml in Resources */ = {isa = PBXBuildFile; fileRef = 141CE92513753D8600E9093D /* haarcascade_fullbody.xml */; };
		141CE93113753D8600E9093D /* haarcascade_lowerbody.xml in Resources */ = {isa = PBXBuildFile; fileRef = 141CE92613753D8600E9093D /* haarcascade_lowerbody.xml */; };
		141CE93213753D8600E9093D /* haarcascade_profileface.xml in Resources */ = {isa = PBXBuildFile; fileRef = 141CE92713753D8600E9093D /* haarcascade_profileface.xml */; };
		141CE93313753D8600E9093D /* haarcascade_upperbody.xml in Resources */ = {isa = PBXBuildFile; fileRef = 141CE92813753D8600E9093D /* haarcascade_upperbody.xml */; };
		141CE93413753D8600E9093D /* FaceDetectTestViewController.m in Sources */ = {isa = PBXBuildFile; fileRef = 141CE92A13753D8600E9093D /* FaceDetectTestViewController.m */; };
		141CE93513753D8600E9093D /* FaceDetectTestViewController.xib in Resources */ = {isa = PBXBuildFile; fileRef = 141CE92B13753D8600E9093D /* FaceDetectTestViewController.xib */; };
		143A7C951391C95600573D7B /* UIViewController+test.m in Sources */ = {isa = PBXBuildFile; fileRef = 143A7C941391C95600573D7B /* UIViewController+test.m */; };
		1480BFD1137318A9005E2832 /* UIKit.framework in Frameworks */ = {isa = PBXBuildFile; fileRef = 1480BFD0137318A9005E2832 /* UIKit.framework */; };
		1480BFD3137318A9005E2832 /* Foundation.framework in Frameworks */ = {isa = PBXBuildFile; fileRef = 1480BFD2137318A9005E2832 /* Foundation.framework */; };
		1480BFD5137318A9005E2832 /* CoreGraphics.framework in Frameworks */ = {isa = PBXBuildFile; fileRef = 1480BFD4137318A9005E2832 /* CoreGraphics.framework */; };
		1480BFDB137318A9005E2832 /* InfoPlist.strings in Resources */ = {isa = PBXBuildFile; fileRef = 1480BFD9137318A9005E2832 /* InfoPlist.strings */; };
		1480BFDE137318A9005E2832 /* main.m in Sources */ = {isa = PBXBuildFile; fileRef = 1480BFDD137318A9005E2832 /* main.m */; };
		1480BFE1137318A9005E2832 /* OpenCVTestAppDelegate.m in Sources */ = {isa = PBXBuildFile; fileRef = 1480BFE0137318A9005E2832 /* OpenCVTestAppDelegate.m */; };
		1480BFE4137318A9005E2832 /* MainWindow.xib in Resources */ = {isa = PBXBuildFile; fileRef = 1480BFE2137318A9005E2832 /* MainWindow.xib */; };
		1480BFE7137318A9005E2832 /* RootViewController.m in Sources */ = {isa = PBXBuildFile; fileRef = 1480BFE6137318A9005E2832 /* RootViewController.m */; };
		1480BFEA137318A9005E2832 /* RootViewController.xib in Resources */ = {isa = PBXBuildFile; fileRef = 1480BFE8137318A9005E2832 /* RootViewController.xib */; };
		14A6F091137579380078A83F /* libopencv_contrib.a in Frameworks */ = {isa = PBXBuildFile; fileRef = 14A6F087137579380078A83F /* libopencv_contrib.a */; };
		14A6F092137579380078A83F /* libopencv_core.a in Frameworks */ = {isa = PBXBuildFile; fileRef = 14A6F088137579380078A83F /* libopencv_core.a */; };
		14A6F093137579380078A83F /* libopencv_features2d.a in Frameworks */ = {isa = PBXBuildFile; fileRef = 14A6F089137579380078A83F /* libopencv_features2d.a */; };
		14A6F094137579380078A83F /* libopencv_flann.a in Frameworks */ = {isa = PBXBuildFile; fileRef = 14A6F08A137579380078A83F /* libopencv_flann.a */; };
		14A6F095137579380078A83F /* libopencv_gpu.a in Frameworks */ = {isa = PBXBuildFile; fileRef = 14A6F08B137579380078A83F /* libopencv_gpu.a */; };
		14A6F096137579380078A83F /* libopencv_imgproc.a in Frameworks */ = {isa = PBXBuildFile; fileRef = 14A6F08C137579380078A83F /* libopencv_imgproc.a */; };
		14A6F097137579380078A83F /* libopencv_legacy.a in Frameworks */ = {isa = PBXBuildFile; fileRef = 14A6F08D137579380078A83F /* libopencv_legacy.a */; };
		14A6F098137579380078A83F /* libopencv_ml.a in Frameworks */ = {isa = PBXBuildFile; fileRef = 14A6F08E137579380078A83F /* libopencv_ml.a */; };
		14A6F099137579380078A83F /* libopencv_objdetect.a in Frameworks */ = {isa = PBXBuildFile; fileRef = 14A6F08F137579380078A83F /* libopencv_objdetect.a */; };
		14A6F09A137579380078A83F /* libopencv_video.a in Frameworks */ = {isa = PBXBuildFile; fileRef = 14A6F090137579380078A83F /* libopencv_video.a */; };
		14A6F0A4137581EF0078A83F /* lenna.jpg in Resources */ = {isa = PBXBuildFile; fileRef = 14A6F0A3137581EF0078A83F /* lenna.jpg */; };
		14DE34681373BB7A00746FC4 /* Accelerate.framework in Frameworks */ = {isa = PBXBuildFile; fileRef = 14DE34671373BB7A00746FC4 /* Accelerate.framework */; };
		14FBD89E138E922500522BFB /* MainWindow-iPad.xib in Resources */ = {isa = PBXBuildFile; fileRef = 14FBD89C138E922500522BFB /* MainWindow-iPad.xib */; };
		14FBD8B8138E93BB00522BFB /* Default-Landscape.png in Resources */ = {isa = PBXBuildFile; fileRef = 14FBD8B1138E93BB00522BFB /* Default-Landscape.png */; };
		14FBD8B9138E93BB00522BFB /* Default-Portrait.png in Resources */ = {isa = PBXBuildFile; fileRef = 14FBD8B2138E93BB00522BFB /* Default-Portrait.png */; };
		14FBD8BA138E93BB00522BFB /* Default.png in Resources */ = {isa = PBXBuildFile; fileRef = 14FBD8B3138E93BB00522BFB /* Default.png */; };
		14FBD8BB138E93BB00522BFB /* Default@2x.png in Resources */ = {isa = PBXBuildFile; fileRef = 14FBD8B4138E93BB00522BFB /* Default@2x.png */; };
		14FBD8BC138E93BB00522BFB /* icon114x114.png in Resources */ = {isa = PBXBuildFile; fileRef = 14FBD8B5138E93BB00522BFB /* icon114x114.png */; };
		14FBD8BD138E93BB00522BFB /* icon57x57.png in Resources */ = {isa = PBXBuildFile; fileRef = 14FBD8B6138E93BB00522BFB /* icon57x57.png */; };
		14FBD8BE138E93BB00522BFB /* icon72x72.png in Resources */ = {isa = PBXBuildFile; fileRef = 14FBD8B7138E93BB00522BFB /* icon72x72.png */; };
/* End PBXBuildFile section */

/* Begin PBXFileReference section */
		141CE92113753D8600E9093D /* haarcascade_frontalface_alt.xml */ = {isa = PBXFileReference; fileEncoding = 4; lastKnownFileType = text.xml; path = haarcascade_frontalface_alt.xml; sourceTree = "<group>"; };
		141CE92213753D8600E9093D /* haarcascade_frontalface_alt2.xml */ = {isa = PBXFileReference; fileEncoding = 4; lastKnownFileType = text.xml; path = haarcascade_frontalface_alt2.xml; sourceTree = "<group>"; };
		141CE92313753D8600E9093D /* haarcascade_frontalface_alt_tree.xml */ = {isa = PBXFileReference; fileEncoding = 4; lastKnownFileType = text.xml; path = haarcascade_frontalface_alt_tree.xml; sourceTree = "<group>"; };
		141CE92413753D8600E9093D /* haarcascade_frontalface_default.xml */ = {isa = PBXFileReference; fileEncoding = 4; lastKnownFileType = text.xml; path = haarcascade_frontalface_default.xml; sourceTree = "<group>"; };
		141CE92513753D8600E9093D /* haarcascade_fullbody.xml */ = {isa = PBXFileReference; fileEncoding = 4; lastKnownFileType = text.xml; path = haarcascade_fullbody.xml; sourceTree = "<group>"; };
		141CE92613753D8600E9093D /* haarcascade_lowerbody.xml */ = {isa = PBXFileReference; fileEncoding = 4; lastKnownFileType = text.xml; path = haarcascade_lowerbody.xml; sourceTree = "<group>"; };
		141CE92713753D8600E9093D /* haarcascade_profileface.xml */ = {isa = PBXFileReference; fileEncoding = 4; lastKnownFileType = text.xml; path = haarcascade_profileface.xml; sourceTree = "<group>"; };
		141CE92813753D8600E9093D /* haarcascade_upperbody.xml */ = {isa = PBXFileReference; fileEncoding = 4; lastKnownFileType = text.xml; path = haarcascade_upperbody.xml; sourceTree = "<group>"; };
		141CE92913753D8600E9093D /* FaceDetectTestViewController.h */ = {isa = PBXFileReference; fileEncoding = 4; lastKnownFileType = sourcecode.c.h; path = FaceDetectTestViewController.h; sourceTree = "<group>"; };
		141CE92A13753D8600E9093D /* FaceDetectTestViewController.m */ = {isa = PBXFileReference; fileEncoding = 4; lastKnownFileType = sourcecode.c.objc; path = FaceDetectTestViewController.m; sourceTree = "<group>"; };
		141CE92B13753D8600E9093D /* FaceDetectTestViewController.xib */ = {isa = PBXFileReference; fileEncoding = 4; lastKnownFileType = file.xib; path = FaceDetectTestViewController.xib; sourceTree = "<group>"; };
		143A7C931391C95600573D7B /* UIViewController+test.h */ = {isa = PBXFileReference; fileEncoding = 4; lastKnownFileType = sourcecode.c.h; path = "UIViewController+test.h"; sourceTree = "<group>"; };
		143A7C941391C95600573D7B /* UIViewController+test.m */ = {isa = PBXFileReference; fileEncoding = 4; lastKnownFileType = sourcecode.c.objc; path = "UIViewController+test.m"; sourceTree = "<group>"; };
		1480BFCC137318A9005E2832 /* OpenCVTest.app */ = {isa = PBXFileReference; explicitFileType = wrapper.application; includeInIndex = 0; path = OpenCVTest.app; sourceTree = BUILT_PRODUCTS_DIR; };
		1480BFD0137318A9005E2832 /* UIKit.framework */ = {isa = PBXFileReference; lastKnownFileType = wrapper.framework; name = UIKit.framework; path = System/Library/Frameworks/UIKit.framework; sourceTree = SDKROOT; };
		1480BFD2137318A9005E2832 /* Foundation.framework */ = {isa = PBXFileReference; lastKnownFileType = wrapper.framework; name = Foundation.framework; path = System/Library/Frameworks/Foundation.framework; sourceTree = SDKROOT; };
		1480BFD4137318A9005E2832 /* CoreGraphics.framework */ = {isa = PBXFileReference; lastKnownFileType = wrapper.framework; name = CoreGraphics.framework; path = System/Library/Frameworks/CoreGraphics.framework; sourceTree = SDKROOT; };
		1480BFD8137318A9005E2832 /* OpenCVTest-Info.plist */ = {isa = PBXFileReference; lastKnownFileType = text.plist.xml; path = "OpenCVTest-Info.plist"; sourceTree = "<group>"; };
		1480BFDA137318A9005E2832 /* en */ = {isa = PBXFileReference; lastKnownFileType = text.plist.strings; name = en; path = en.lproj/InfoPlist.strings; sourceTree = "<group>"; };
		1480BFDC137318A9005E2832 /* OpenCVTest-Prefix.pch */ = {isa = PBXFileReference; lastKnownFileType = sourcecode.c.h; path = "OpenCVTest-Prefix.pch"; sourceTree = "<group>"; };
		1480BFDD137318A9005E2832 /* main.m */ = {isa = PBXFileReference; lastKnownFileType = sourcecode.c.objc; path = main.m; sourceTree = "<group>"; };
		1480BFDF137318A9005E2832 /* OpenCVTestAppDelegate.h */ = {isa = PBXFileReference; lastKnownFileType = sourcecode.c.h; path = OpenCVTestAppDelegate.h; sourceTree = "<group>"; };
		1480BFE0137318A9005E2832 /* OpenCVTestAppDelegate.m */ = {isa = PBXFileReference; lastKnownFileType = sourcecode.c.objc; path = OpenCVTestAppDelegate.m; sourceTree = "<group>"; };
		1480BFE3137318A9005E2832 /* en */ = {isa = PBXFileReference; lastKnownFileType = file.xib; name = en; path = en.lproj/MainWindow.xib; sourceTree = "<group>"; };
		1480BFE5137318A9005E2832 /* RootViewController.h */ = {isa = PBXFileReference; lastKnownFileType = sourcecode.c.h; path = RootViewController.h; sourceTree = "<group>"; };
		1480BFE6137318A9005E2832 /* RootViewController.m */ = {isa = PBXFileReference; lastKnownFileType = sourcecode.c.objc; path = RootViewController.m; sourceTree = "<group>"; };
		1480BFE9137318A9005E2832 /* en */ = {isa = PBXFileReference; lastKnownFileType = file.xib; name = en; path = en.lproj/RootViewController.xib; sourceTree = "<group>"; };
		14A6F087137579380078A83F /* libopencv_contrib.a */ = {isa = PBXFileReference; lastKnownFileType = archive.ar; name = libopencv_contrib.a; path = ../build/lib/libopencv_contrib.a; sourceTree = "<group>"; };
		14A6F088137579380078A83F /* libopencv_core.a */ = {isa = PBXFileReference; lastKnownFileType = archive.ar; name = libopencv_core.a; path = ../build/lib/libopencv_core.a; sourceTree = "<group>"; };
		14A6F089137579380078A83F /* libopencv_features2d.a */ = {isa = PBXFileReference; lastKnownFileType = archive.ar; name = libopencv_features2d.a; path = ../build/lib/libopencv_features2d.a; sourceTree = "<group>"; };
		14A6F08A137579380078A83F /* libopencv_flann.a */ = {isa = PBXFileReference; lastKnownFileType = archive.ar; name = libopencv_flann.a; path = ../build/lib/libopencv_flann.a; sourceTree = "<group>"; };
		14A6F08B137579380078A83F /* libopencv_gpu.a */ = {isa = PBXFileReference; lastKnownFileType = archive.ar; name = libopencv_gpu.a; path = ../build/lib/libopencv_gpu.a; sourceTree = "<group>"; };
		14A6F08C137579380078A83F /* libopencv_imgproc.a */ = {isa = PBXFileReference; lastKnownFileType = archive.ar; name = libopencv_imgproc.a; path = ../build/lib/libopencv_imgproc.a; sourceTree = "<group>"; };
		14A6F08D137579380078A83F /* libopencv_legacy.a */ = {isa = PBXFileReference; lastKnownFileType = archive.ar; name = libopencv_legacy.a; path = ../build/lib/libopencv_legacy.a; sourceTree = "<group>"; };
		14A6F08E137579380078A83F /* libopencv_ml.a */ = {isa = PBXFileReference; lastKnownFileType = archive.ar; name = libopencv_ml.a; path = ../build/lib/libopencv_ml.a; sourceTree = "<group>"; };
		14A6F08F137579380078A83F /* libopencv_objdetect.a */ = {isa = PBXFileReference; lastKnownFileType = archive.ar; name = libopencv_objdetect.a; path = ../build/lib/libopencv_objdetect.a; sourceTree = "<group>"; };
		14A6F090137579380078A83F /* libopencv_video.a */ = {isa = PBXFileReference; lastKnownFileType = archive.ar; name = libopencv_video.a; path = ../build/lib/libopencv_video.a; sourceTree = "<group>"; };
		14A6F0A3137581EF0078A83F /* lenna.jpg */ = {isa = PBXFileReference; lastKnownFileType = image.jpeg; name = lenna.jpg; path = OpenCVTest/lenna.jpg; sourceTree = SOURCE_ROOT; };
		14DE34671373BB7A00746FC4 /* Accelerate.framework */ = {isa = PBXFileReference; lastKnownFileType = wrapper.framework; name = Accelerate.framework; path = System/Library/Frameworks/Accelerate.framework; sourceTree = SDKROOT; };
		14FBD89D138E922500522BFB /* en */ = {isa = PBXFileReference; lastKnownFileType = file.xib; name = en; path = "iPad/en.lproj/MainWindow-iPad.xib"; sourceTree = "<group>"; };
		14FBD8B1138E93BB00522BFB /* Default-Landscape.png */ = {isa = PBXFileReference; lastKnownFileType = image.png; path = "Default-Landscape.png"; sourceTree = "<group>"; };
		14FBD8B2138E93BB00522BFB /* Default-Portrait.png */ = {isa = PBXFileReference; lastKnownFileType = image.png; path = "Default-Portrait.png"; sourceTree = "<group>"; };
		14FBD8B3138E93BB00522BFB /* Default.png */ = {isa = PBXFileReference; lastKnownFileType = image.png; path = Default.png; sourceTree = "<group>"; };
		14FBD8B4138E93BB00522BFB /* Default@2x.png */ = {isa = PBXFileReference; lastKnownFileType = image.png; path = "Default@2x.png"; sourceTree = "<group>"; };
		14FBD8B5138E93BB00522BFB /* icon114x114.png */ = {isa = PBXFileReference; lastKnownFileType = image.png; path = icon114x114.png; sourceTree = "<group>"; };
		14FBD8B6138E93BB00522BFB /* icon57x57.png */ = {isa = PBXFileReference; lastKnownFileType = image.png; path = icon57x57.png; sourceTree = "<group>"; };
		14FBD8B7138E93BB00522BFB /* icon72x72.png */ = {isa = PBXFileReference; lastKnownFileType = image.png; path = icon72x72.png; sourceTree = "<group>"; };
/* End PBXFileReference section */

/* Begin PBXFrameworksBuildPhase section */
		1480BFC9137318A9005E2832 /* Frameworks */ = {
			isa = PBXFrameworksBuildPhase;
			buildActionMask = 2147483647;
			files = (
				14DE34681373BB7A00746FC4 /* Accelerate.framework in Frameworks */,
				1480BFD1137318A9005E2832 /* UIKit.framework in Frameworks */,
				1480BFD3137318A9005E2832 /* Foundation.framework in Frameworks */,
				1480BFD5137318A9005E2832 /* CoreGraphics.framework in Frameworks */,
				14A6F091137579380078A83F /* libopencv_contrib.a in Frameworks */,
				14A6F092137579380078A83F /* libopencv_core.a in Frameworks */,
				14A6F093137579380078A83F /* libopencv_features2d.a in Frameworks */,
				14A6F094137579380078A83F /* libopencv_flann.a in Frameworks */,
				14A6F095137579380078A83F /* libopencv_gpu.a in Frameworks */,
				14A6F096137579380078A83F /* libopencv_imgproc.a in Frameworks */,
				14A6F097137579380078A83F /* libopencv_legacy.a in Frameworks */,
				14A6F098137579380078A83F /* libopencv_ml.a in Frameworks */,
				14A6F099137579380078A83F /* libopencv_objdetect.a in Frameworks */,
				14A6F09A137579380078A83F /* libopencv_video.a in Frameworks */,
			);
			runOnlyForDeploymentPostprocessing = 0;
		};
/* End PBXFrameworksBuildPhase section */

/* Begin PBXGroup section */
		141CE91F13753D8600E9093D /* TestViewController */ = {
			isa = PBXGroup;
			children = (
				141CE92013753D8600E9093D /* data */,
				141CE92913753D8600E9093D /* FaceDetectTestViewController.h */,
				141CE92A13753D8600E9093D /* FaceDetectTestViewController.m */,
				141CE92B13753D8600E9093D /* FaceDetectTestViewController.xib */,
			);
			name = TestViewController;
			path = OpenCVTest/TestViewController;
			sourceTree = "<group>";
		};
		141CE92013753D8600E9093D /* data */ = {
			isa = PBXGroup;
			children = (
				14A6F0A3137581EF0078A83F /* lenna.jpg */,
				141CE92113753D8600E9093D /* haarcascade_frontalface_alt.xml */,
				141CE92213753D8600E9093D /* haarcascade_frontalface_alt2.xml */,
				141CE92313753D8600E9093D /* haarcascade_frontalface_alt_tree.xml */,
				141CE92413753D8600E9093D /* haarcascade_frontalface_default.xml */,
				141CE92513753D8600E9093D /* haarcascade_fullbody.xml */,
				141CE92613753D8600E9093D /* haarcascade_lowerbody.xml */,
				141CE92713753D8600E9093D /* haarcascade_profileface.xml */,
				141CE92813753D8600E9093D /* haarcascade_upperbody.xml */,
			);
			path = data;
			sourceTree = "<group>";
		};
		1480BFC1137318A9005E2832 = {
			isa = PBXGroup;
			children = (
				141CE91F13753D8600E9093D /* TestViewController */,
				1480BFD6137318A9005E2832 /* OpenCVTest */,
				14DE34391373B3D900746FC4 /* Libraries */,
				1480BFCF137318A9005E2832 /* Frameworks */,
				1480BFCD137318A9005E2832 /* Products */,
			);
			sourceTree = "<group>";
		};
		1480BFCD137318A9005E2832 /* Products */ = {
			isa = PBXGroup;
			children = (
				1480BFCC137318A9005E2832 /* OpenCVTest.app */,
			);
			name = Products;
			sourceTree = "<group>";
		};
		1480BFCF137318A9005E2832 /* Frameworks */ = {
			isa = PBXGroup;
			children = (
				14DE34671373BB7A00746FC4 /* Accelerate.framework */,
				1480BFD0137318A9005E2832 /* UIKit.framework */,
				1480BFD2137318A9005E2832 /* Foundation.framework */,
				1480BFD4137318A9005E2832 /* CoreGraphics.framework */,
			);
			name = Frameworks;
			sourceTree = "<group>";
		};
		1480BFD6137318A9005E2832 /* OpenCVTest */ = {
			isa = PBXGroup;
			children = (
				143A7C931391C95600573D7B /* UIViewController+test.h */,
				143A7C941391C95600573D7B /* UIViewController+test.m */,
				14FBD8B0138E93BA00522BFB /* image */,
				14FBD89B138E922300522BFB /* iPad */,
				1480BFDF137318A9005E2832 /* OpenCVTestAppDelegate.h */,
				1480BFE0137318A9005E2832 /* OpenCVTestAppDelegate.m */,
				1480BFE2137318A9005E2832 /* MainWindow.xib */,
				1480BFE5137318A9005E2832 /* RootViewController.h */,
				1480BFE6137318A9005E2832 /* RootViewController.m */,
				1480BFE8137318A9005E2832 /* RootViewController.xib */,
				1480BFD7137318A9005E2832 /* Supporting Files */,
			);
			path = OpenCVTest;
			sourceTree = "<group>";
		};
		1480BFD7137318A9005E2832 /* Supporting Files */ = {
			isa = PBXGroup;
			children = (
				1480BFD8137318A9005E2832 /* OpenCVTest-Info.plist */,
				1480BFD9137318A9005E2832 /* InfoPlist.strings */,
				1480BFDC137318A9005E2832 /* OpenCVTest-Prefix.pch */,
				1480BFDD137318A9005E2832 /* main.m */,
			);
			name = "Supporting Files";
			sourceTree = "<group>";
		};
		14DE34391373B3D900746FC4 /* Libraries */ = {
			isa = PBXGroup;
			children = (
				14A6F087137579380078A83F /* libopencv_contrib.a */,
				14A6F088137579380078A83F /* libopencv_core.a */,
				14A6F089137579380078A83F /* libopencv_features2d.a */,
				14A6F08A137579380078A83F /* libopencv_flann.a */,
				14A6F08B137579380078A83F /* libopencv_gpu.a */,
				14A6F08C137579380078A83F /* libopencv_imgproc.a */,
				14A6F08D137579380078A83F /* libopencv_legacy.a */,
				14A6F08E137579380078A83F /* libopencv_ml.a */,
				14A6F08F137579380078A83F /* libopencv_objdetect.a */,
				14A6F090137579380078A83F /* libopencv_video.a */,
			);
			name = Libraries;
			sourceTree = "<group>";
		};
		14FBD89B138E922300522BFB /* iPad */ = {
			isa = PBXGroup;
			children = (
				14FBD89C138E922500522BFB /* MainWindow-iPad.xib */,
			);
			name = iPad;
			sourceTree = "<group>";
		};
		14FBD8B0138E93BA00522BFB /* image */ = {
			isa = PBXGroup;
			children = (
				14FBD8B1138E93BB00522BFB /* Default-Landscape.png */,
				14FBD8B2138E93BB00522BFB /* Default-Portrait.png */,
				14FBD8B3138E93BB00522BFB /* Default.png */,
				14FBD8B4138E93BB00522BFB /* Default@2x.png */,
				14FBD8B5138E93BB00522BFB /* icon114x114.png */,
				14FBD8B6138E93BB00522BFB /* icon57x57.png */,
				14FBD8B7138E93BB00522BFB /* icon72x72.png */,
			);
			name = image;
			path = Resource/image;
			sourceTree = "<group>";
		};
/* End PBXGroup section */

/* Begin PBXNativeTarget section */
		1480BFCB137318A9005E2832 /* OpenCVTest */ = {
			isa = PBXNativeTarget;
			buildConfigurationList = 1480BFED137318A9005E2832 /* Build configuration list for PBXNativeTarget "OpenCVTest" */;
			buildPhases = (
				1480BFC8137318A9005E2832 /* Sources */,
				1480BFC9137318A9005E2832 /* Frameworks */,
				1480BFCA137318A9005E2832 /* Resources */,
			);
			buildRules = (
			);
			dependencies = (
			);
			name = OpenCVTest;
			productName = OpenCVTest;
			productReference = 1480BFCC137318A9005E2832 /* OpenCVTest.app */;
			productType = "com.apple.product-type.application";
		};
/* End PBXNativeTarget section */

/* Begin PBXProject section */
		1480BFC3137318A9005E2832 /* Project object */ = {
			isa = PBXProject;
			buildConfigurationList = 1480BFC6137318A9005E2832 /* Build configuration list for PBXProject "OpenCVTest" */;
			compatibilityVersion = "Xcode 3.2";
			developmentRegion = English;
			hasScannedForEncodings = 0;
			knownRegions = (
				en,
			);
			mainGroup = 1480BFC1137318A9005E2832;
			productRefGroup = 1480BFCD137318A9005E2832 /* Products */;
			projectDirPath = "";
			projectRoot = "";
			targets = (
				1480BFCB137318A9005E2832 /* OpenCVTest */,
			);
		};
/* End PBXProject section */

/* Begin PBXResourcesBuildPhase section */
		1480BFCA137318A9005E2832 /* Resources */ = {
			isa = PBXResourcesBuildPhase;
			buildActionMask = 2147483647;
			files = (
				1480BFDB137318A9005E2832 /* InfoPlist.strings in Resources */,
				1480BFE4137318A9005E2832 /* MainWindow.xib in Resources */,
				1480BFEA137318A9005E2832 /* RootViewController.xib in Resources */,
				141CE92C13753D8600E9093D /* haarcascade_frontalface_alt.xml in Resources */,
				141CE92D13753D8600E9093D /* haarcascade_frontalface_alt2.xml in Resources */,
				141CE92E13753D8600E9093D /* haarcascade_frontalface_alt_tree.xml in Resources */,
				141CE92F13753D8600E9093D /* haarcascade_frontalface_default.xml in Resources */,
				141CE93013753D8600E9093D /* haarcascade_fullbody.xml in Resources */,
				141CE93113753D8600E9093D /* haarcascade_lowerbody.xml in Resources */,
				141CE93213753D8600E9093D /* haarcascade_profileface.xml in Resources */,
				141CE93313753D8600E9093D /* haarcascade_upperbody.xml in Resources */,
				141CE93513753D8600E9093D /* FaceDetectTestViewController.xib in Resources */,
				14A6F0A4137581EF0078A83F /* lenna.jpg in Resources */,
				14FBD89E138E922500522BFB /* MainWindow-iPad.xib in Resources */,
				14FBD8B8138E93BB00522BFB /* Default-Landscape.png in Resources */,
				14FBD8B9138E93BB00522BFB /* Default-Portrait.png in Resources */,
				14FBD8BA138E93BB00522BFB /* Default.png in Resources */,
				14FBD8BB138E93BB00522BFB /* Default@2x.png in Resources */,
				14FBD8BC138E93BB00522BFB /* icon114x114.png in Resources */,
				14FBD8BD138E93BB00522BFB /* icon57x57.png in Resources */,
				14FBD8BE138E93BB00522BFB /* icon72x72.png in Resources */,
			);
			runOnlyForDeploymentPostprocessing = 0;
		};
/* End PBXResourcesBuildPhase section */

/* Begin PBXSourcesBuildPhase section */
		1480BFC8137318A9005E2832 /* Sources */ = {
			isa = PBXSourcesBuildPhase;
			buildActionMask = 2147483647;
			files = (
				1480BFDE137318A9005E2832 /* main.m in Sources */,
				1480BFE1137318A9005E2832 /* OpenCVTestAppDelegate.m in Sources */,
				1480BFE7137318A9005E2832 /* RootViewController.m in Sources */,
				141CE93413753D8600E9093D /* FaceDetectTestViewController.m in Sources */,
				143A7C951391C95600573D7B /* UIViewController+test.m in Sources */,
			);
			runOnlyForDeploymentPostprocessing = 0;
		};
/* End PBXSourcesBuildPhase section */

/* Begin PBXVariantGroup section */
		1480BFD9137318A9005E2832 /* InfoPlist.strings */ = {
			isa = PBXVariantGroup;
			children = (
				1480BFDA137318A9005E2832 /* en */,
			);
			name = InfoPlist.strings;
			sourceTree = "<group>";
		};
		1480BFE2137318A9005E2832 /* MainWindow.xib */ = {
			isa = PBXVariantGroup;
			children = (
				1480BFE3137318A9005E2832 /* en */,
			);
			name = MainWindow.xib;
			sourceTree = "<group>";
		};
		1480BFE8137318A9005E2832 /* RootViewController.xib */ = {
			isa = PBXVariantGroup;
			children = (
				1480BFE9137318A9005E2832 /* en */,
			);
			name = RootViewController.xib;
			sourceTree = "<group>";
		};
		14FBD89C138E922500522BFB /* MainWindow-iPad.xib */ = {
			isa = PBXVariantGroup;
			children = (
				14FBD89D138E922500522BFB /* en */,
			);
			name = "MainWindow-iPad.xib";
			sourceTree = "<group>";
		};
/* End PBXVariantGroup section */

/* Begin XCBuildConfiguration section */
		1480BFEB137318A9005E2832 /* Debug */ = {
			isa = XCBuildConfiguration;
			buildSettings = {
				ARCHS = "$(ARCHS_STANDARD_32_BIT)";
				"CODE_SIGN_IDENTITY[sdk=iphoneos*]" = "iPhone Developer";
				GCC_C_LANGUAGE_STANDARD = gnu99;
				GCC_OPTIMIZATION_LEVEL = 0;
				GCC_PREPROCESSOR_DEFINITIONS = (
					DEBUG,
					_DEBUG,
				);
				GCC_SYMBOLS_PRIVATE_EXTERN = NO;
				GCC_THUMB_SUPPORT = NO;
				GCC_VERSION = com.apple.compilers.llvmgcc42;
				GCC_WARN_ABOUT_RETURN_TYPE = YES;
				GCC_WARN_UNUSED_VARIABLE = YES;
				IPHONEOS_DEPLOYMENT_TARGET = 4.3;
				ONLY_ACTIVE_ARCH = NO;
				SDKROOT = iphoneos;
			};
			name = Debug;
		};
		1480BFEC137318A9005E2832 /* Release */ = {
			isa = XCBuildConfiguration;
			buildSettings = {
				ARCHS = "$(ARCHS_STANDARD_32_BIT)";
				"CODE_SIGN_IDENTITY[sdk=iphoneos*]" = "iPhone Developer";
				GCC_C_LANGUAGE_STANDARD = gnu99;
				GCC_OPTIMIZATION_LEVEL = 3;
				GCC_THUMB_SUPPORT = NO;
				GCC_VERSION = com.apple.compilers.llvmgcc42;
				GCC_WARN_ABOUT_RETURN_TYPE = YES;
				GCC_WARN_UNUSED_VARIABLE = YES;
				IPHONEOS_DEPLOYMENT_TARGET = 4.3;
				ONLY_ACTIVE_ARCH = NO;
				OTHER_CFLAGS = "-DNS_BLOCK_ASSERTIONS=1";
				SDKROOT = iphoneos;
			};
			name = Release;
		};
		1480BFEE137318A9005E2832 /* Debug */ = {
			isa = XCBuildConfiguration;
			buildSettings = {
				ALWAYS_SEARCH_USER_PATHS = NO;
				COPY_PHASE_STRIP = NO;
				GCC_DYNAMIC_NO_PIC = NO;
				GCC_PRECOMPILE_PREFIX_HEADER = YES;
				GCC_PREFIX_HEADER = "OpenCVTest/OpenCVTest-Prefix.pch";
				GCC_THUMB_SUPPORT = NO;
				HEADER_SEARCH_PATHS = "\"$(SRCROOT)/../build/include\"/**";
				INFOPLIST_FILE = "OpenCVTest/OpenCVTest-Info.plist";
				IPHONEOS_DEPLOYMENT_TARGET = 4.3;
				LIBRARY_SEARCH_PATHS = (
					"$(inherited)",
					"\"$(SRCROOT)/../build/lib\"",
				);
				OTHER_LDFLAGS = (
					"-lstdc++",
					"-lz",
				);
				PRODUCT_NAME = "$(TARGET_NAME)";
				TARGETED_DEVICE_FAMILY = "1,2";
				WRAPPER_EXTENSION = app;
			};
			name = Debug;
		};
		1480BFEF137318A9005E2832 /* Release */ = {
			isa = XCBuildConfiguration;
			buildSettings = {
				ALWAYS_SEARCH_USER_PATHS = NO;
				COPY_PHASE_STRIP = YES;
				GCC_PRECOMPILE_PREFIX_HEADER = YES;
				GCC_PREFIX_HEADER = "OpenCVTest/OpenCVTest-Prefix.pch";
				GCC_THUMB_SUPPORT = NO;
				HEADER_SEARCH_PATHS = "\"$(SRCROOT)/../build/include\"/**";
				INFOPLIST_FILE = "OpenCVTest/OpenCVTest-Info.plist";
				IPHONEOS_DEPLOYMENT_TARGET = 4.3;
				LIBRARY_SEARCH_PATHS = (
					"$(inherited)",
					"\"$(SRCROOT)/../build/lib\"",
				);
				OTHER_LDFLAGS = (
					"-lstdc++",
					"-lz",
				);
				PRODUCT_NAME = "$(TARGET_NAME)";
				TARGETED_DEVICE_FAMILY = "1,2";
				VALIDATE_PRODUCT = YES;
				WRAPPER_EXTENSION = app;
			};
			name = Release;
		};
/* End XCBuildConfiguration section */

/* Begin XCConfigurationList section */
		1480BFC6137318A9005E2832 /* Build configuration list for PBXProject "OpenCVTest" */ = {
			isa = XCConfigurationList;
			buildConfigurations = (
				1480BFEB137318A9005E2832 /* Debug */,
				1480BFEC137318A9005E2832 /* Release */,
			);
			defaultConfigurationIsVisible = 0;
			defaultConfigurationName = Release;
		};
		1480BFED137318A9005E2832 /* Build configuration list for PBXNativeTarget "OpenCVTest" */ = {
			isa = XCConfigurationList;
			buildConfigurations = (
				1480BFEE137318A9005E2832 /* Debug */,
				1480BFEF137318A9005E2832 /* Release */,
			);
			defaultConfigurationIsVisible = 0;
			defaultConfigurationName = Release;
		};
/* End XCConfigurationList section */
	};
	rootObject = 1480BFC3137318A9005E2832 /* Project object */;
}
