// !$*UTF8*$!
{
	archiveVersion = 1;
	classes = {
	};
	objectVersion = 46;
	objects = {

/* Begin PBXBuildFile section */
		143A7CA41391CD2B00573D7B /* OpenCVTestAppDelegate.m in Sources */ = {isa = PBXBuildFile; fileRef = 143A7CA11391CD2B00573D7B /* OpenCVTestAppDelegate.m */; };
		143A7CA51391CD2B00573D7B /* RootViewController.m in Sources */ = {isa = PBXBuildFile; fileRef = 143A7CA31391CD2B00573D7B /* RootViewController.m */; };
		143A7CB71391CD3A00573D7B /* InfoPlist.strings in Resources */ = {isa = PBXBuildFile; fileRef = 143A7CA71391CD3A00573D7B /* InfoPlist.strings */; };
		143A7CB81391CD3A00573D7B /* MainWindow-iPad.xib in Resources */ = {isa = PBXBuildFile; fileRef = 143A7CA91391CD3A00573D7B /* MainWindow-iPad.xib */; };
		143A7CB91391CD3A00573D7B /* MainWindow.xib in Resources */ = {isa = PBXBuildFile; fileRef = 143A7CAB1391CD3A00573D7B /* MainWindow.xib */; };
		143A7CBA1391CD3A00573D7B /* RootViewController.xib in Resources */ = {isa = PBXBuildFile; fileRef = 143A7CAD1391CD3A00573D7B /* RootViewController.xib */; };
		143A7CBB1391CD3A00573D7B /* Default-Landscape.png in Resources */ = {isa = PBXBuildFile; fileRef = 143A7CB01391CD3A00573D7B /* Default-Landscape.png */; };
		143A7CBC1391CD3A00573D7B /* Default-Portrait.png in Resources */ = {isa = PBXBuildFile; fileRef = 143A7CB11391CD3A00573D7B /* Default-Portrait.png */; };
		143A7CBD1391CD3A00573D7B /* Default.png in Resources */ = {isa = PBXBuildFile; fileRef = 143A7CB21391CD3A00573D7B /* Default.png */; };
		143A7CBE1391CD3A00573D7B /* Default@2x.png in Resources */ = {isa = PBXBuildFile; fileRef = 143A7CB31391CD3A00573D7B /* Default@2x.png */; };
		143A7CBF1391CD3A00573D7B /* icon114x114.png in Resources */ = {isa = PBXBuildFile; fileRef = 143A7CB41391CD3A00573D7B /* icon114x114.png */; };
		143A7CC01391CD3A00573D7B /* icon57x57.png in Resources */ = {isa = PBXBuildFile; fileRef = 143A7CB51391CD3A00573D7B /* icon57x57.png */; };
		143A7CC11391CD3A00573D7B /* icon72x72.png in Resources */ = {isa = PBXBuildFile; fileRef = 143A7CB61391CD3A00573D7B /* icon72x72.png */; };
		143A7CD21391CD5500573D7B /* haarcascade_frontalface_alt.xml in Resources */ = {isa = PBXBuildFile; fileRef = 143A7CC41391CD5500573D7B /* haarcascade_frontalface_alt.xml */; };
		143A7CD31391CD5500573D7B /* haarcascade_frontalface_alt2.xml in Resources */ = {isa = PBXBuildFile; fileRef = 143A7CC51391CD5500573D7B /* haarcascade_frontalface_alt2.xml */; };
		143A7CD41391CD5500573D7B /* haarcascade_frontalface_alt_tree.xml in Resources */ = {isa = PBXBuildFile; fileRef = 143A7CC61391CD5500573D7B /* haarcascade_frontalface_alt_tree.xml */; };
		143A7CD51391CD5500573D7B /* haarcascade_frontalface_default.xml in Resources */ = {isa = PBXBuildFile; fileRef = 143A7CC71391CD5500573D7B /* haarcascade_frontalface_default.xml */; };
		143A7CD61391CD5500573D7B /* haarcascade_fullbody.xml in Resources */ = {isa = PBXBuildFile; fileRef = 143A7CC81391CD5500573D7B /* haarcascade_fullbody.xml */; };
		143A7CD71391CD5500573D7B /* haarcascade_lowerbody.xml in Resources */ = {isa = PBXBuildFile; fileRef = 143A7CC91391CD5500573D7B /* haarcascade_lowerbody.xml */; };
		143A7CD81391CD5500573D7B /* haarcascade_profileface.xml in Resources */ = {isa = PBXBuildFile; fileRef = 143A7CCA1391CD5500573D7B /* haarcascade_profileface.xml */; };
		143A7CD91391CD5500573D7B /* haarcascade_upperbody.xml in Resources */ = {isa = PBXBuildFile; fileRef = 143A7CCB1391CD5500573D7B /* haarcascade_upperbody.xml */; };
		143A7CDA1391CD5500573D7B /* lenna.jpg in Resources */ = {isa = PBXBuildFile; fileRef = 143A7CCC1391CD5500573D7B /* lenna.jpg */; };
		143A7CDB1391CD5500573D7B /* FaceDetectTestViewController.m in Sources */ = {isa = PBXBuildFile; fileRef = 143A7CCE1391CD5500573D7B /* FaceDetectTestViewController.m */; };
		143A7CDC1391CD5500573D7B /* FaceDetectTestViewController.xib in Resources */ = {isa = PBXBuildFile; fileRef = 143A7CCF1391CD5500573D7B /* FaceDetectTestViewController.xib */; };
		143A7CDD1391CD5500573D7B /* UIViewController+test.m in Sources */ = {isa = PBXBuildFile; fileRef = 143A7CD11391CD5500573D7B /* UIViewController+test.m */; };
		143A7CF51391D16200573D7B /* QuartzHelpLibrary.m in Sources */ = {isa = PBXBuildFile; fileRef = 143A7CF41391D16200573D7B /* QuartzHelpLibrary.m */; };
		143A7CF81391D17000573D7B /* OpenCVHelpLibrary.m in Sources */ = {isa = PBXBuildFile; fileRef = 143A7CF71391D17000573D7B /* OpenCVHelpLibrary.m */; };
		1480BFD1137318A9005E2832 /* UIKit.framework in Frameworks */ = {isa = PBXBuildFile; fileRef = 1480BFD0137318A9005E2832 /* UIKit.framework */; };
		1480BFD3137318A9005E2832 /* Foundation.framework in Frameworks */ = {isa = PBXBuildFile; fileRef = 1480BFD2137318A9005E2832 /* Foundation.framework */; };
		1480BFD5137318A9005E2832 /* CoreGraphics.framework in Frameworks */ = {isa = PBXBuildFile; fileRef = 1480BFD4137318A9005E2832 /* CoreGraphics.framework */; };
		1480BFDE137318A9005E2832 /* main.m in Sources */ = {isa = PBXBuildFile; fileRef = 1480BFDD137318A9005E2832 /* main.m */; };
		14A6F091137579380078A83F /* libopencv_contrib.a in Frameworks */ = {isa = PBXBuildFile; fileRef = 14A6F087137579380078A83F /* libopencv_contrib.a */; };
		14A6F092137579380078A83F /* libopencv_core.a in Frameworks */ = {isa = PBXBuildFile; fileRef = 14A6F088137579380078A83F /* libopencv_core.a */; };
		14A6F093137579380078A83F /* libopencv_features2d.a in Frameworks */ = {isa = PBXBuildFile; fileRef = 14A6F089137579380078A83F /* libopencv_features2d.a */; };
		14A6F094137579380078A83F /* libopencv_flann.a in Frameworks */ = {isa = PBXBuildFile; fileRef = 14A6F08A137579380078A83F /* libopencv_flann.a */; };
		14A6F095137579380078A83F /* libopencv_gpu.a in Frameworks */ = {isa = PBXBuildFile; fileRef = 14A6F08B137579380078A83F /* libopencv_gpu.a */; };
		14A6F096137579380078A83F /* libopencv_imgproc.a in Frameworks */ = {isa = PBXBuildFile; fileRef = 14A6F08C137579380078A83F /* libopencv_imgproc.a */; };
		14A6F097137579380078A83F /* libopencv_legacy.a in Frameworks */ = {isa = PBXBuildFile; fileRef = 14A6F08D137579380078A83F /* libopencv_legacy.a */; };
		14A6F098137579380078A83F /* libopencv_ml.a in Frameworks */ = {isa = PBXBuildFile; fileRef = 14A6F08E137579380078A83F /* libopencv_ml.a */; };
		14A6F099137579380078A83F /* libopencv_objdetect.a in Frameworks */ = {isa = PBXBuildFile; fileRef = 14A6F08F137579380078A83F /* libopencv_objdetect.a */; };
		14A6F09A137579380078A83F /* libopencv_video.a in Frameworks */ = {isa = PBXBuildFile; fileRef = 14A6F090137579380078A83F /* libopencv_video.a */; };
		14DE34681373BB7A00746FC4 /* Accelerate.framework in Frameworks */ = {isa = PBXBuildFile; fileRef = 14DE34671373BB7A00746FC4 /* Accelerate.framework */; };
/* End PBXBuildFile section */

/* Begin PBXFileReference section */
		143A7CA01391CD2B00573D7B /* OpenCVTestAppDelegate.h */ = {isa = PBXFileReference; fileEncoding = 4; lastKnownFileType = sourcecode.c.h; path = OpenCVTestAppDelegate.h; sourceTree = "<group>"; };
		143A7CA11391CD2B00573D7B /* OpenCVTestAppDelegate.m */ = {isa = PBXFileReference; fileEncoding = 4; lastKnownFileType = sourcecode.c.objc; path = OpenCVTestAppDelegate.m; sourceTree = "<group>"; };
		143A7CA21391CD2B00573D7B /* RootViewController.h */ = {isa = PBXFileReference; fileEncoding = 4; lastKnownFileType = sourcecode.c.h; path = RootViewController.h; sourceTree = "<group>"; };
		143A7CA31391CD2B00573D7B /* RootViewController.m */ = {isa = PBXFileReference; fileEncoding = 4; lastKnownFileType = sourcecode.c.objc; path = RootViewController.m; sourceTree = "<group>"; };
		143A7CA81391CD3A00573D7B /* en */ = {isa = PBXFileReference; lastKnownFileType = text.plist.strings; name = en; path = en.lproj/InfoPlist.strings; sourceTree = "<group>"; };
		143A7CAA1391CD3A00573D7B /* en */ = {isa = PBXFileReference; lastKnownFileType = file.xib; name = en; path = "en.lproj/MainWindow-iPad.xib"; sourceTree = "<group>"; };
		143A7CAC1391CD3A00573D7B /* en */ = {isa = PBXFileReference; lastKnownFileType = file.xib; name = en; path = en.lproj/MainWindow.xib; sourceTree = "<group>"; };
		143A7CAE1391CD3A00573D7B /* en */ = {isa = PBXFileReference; lastKnownFileType = file.xib; name = en; path = en.lproj/RootViewController.xib; sourceTree = "<group>"; };
		143A7CB01391CD3A00573D7B /* Default-Landscape.png */ = {isa = PBXFileReference; lastKnownFileType = image.png; path = "Default-Landscape.png"; sourceTree = "<group>"; };
		143A7CB11391CD3A00573D7B /* Default-Portrait.png */ = {isa = PBXFileReference; lastKnownFileType = image.png; path = "Default-Portrait.png"; sourceTree = "<group>"; };
		143A7CB21391CD3A00573D7B /* Default.png */ = {isa = PBXFileReference; lastKnownFileType = image.png; path = Default.png; sourceTree = "<group>"; };
		143A7CB31391CD3A00573D7B /* Default@2x.png */ = {isa = PBXFileReference; lastKnownFileType = image.png; path = "Default@2x.png"; sourceTree = "<group>"; };
		143A7CB41391CD3A00573D7B /* icon114x114.png */ = {isa = PBXFileReference; lastKnownFileType = image.png; path = icon114x114.png; sourceTree = "<group>"; };
		143A7CB51391CD3A00573D7B /* icon57x57.png */ = {isa = PBXFileReference; lastKnownFileType = image.png; path = icon57x57.png; sourceTree = "<group>"; };
		143A7CB61391CD3A00573D7B /* icon72x72.png */ = {isa = PBXFileReference; lastKnownFileType = image.png; path = icon72x72.png; sourceTree = "<group>"; };
		143A7CC41391CD5500573D7B /* haarcascade_frontalface_alt.xml */ = {isa = PBXFileReference; fileEncoding = 4; lastKnownFileType = text.xml; path = haarcascade_frontalface_alt.xml; sourceTree = "<group>"; };
		143A7CC51391CD5500573D7B /* haarcascade_frontalface_alt2.xml */ = {isa = PBXFileReference; fileEncoding = 4; lastKnownFileType = text.xml; path = haarcascade_frontalface_alt2.xml; sourceTree = "<group>"; };
		143A7CC61391CD5500573D7B /* haarcascade_frontalface_alt_tree.xml */ = {isa = PBXFileReference; fileEncoding = 4; lastKnownFileType = text.xml; path = haarcascade_frontalface_alt_tree.xml; sourceTree = "<group>"; };
		143A7CC71391CD5500573D7B /* haarcascade_frontalface_default.xml */ = {isa = PBXFileReference; fileEncoding = 4; lastKnownFileType = text.xml; path = haarcascade_frontalface_default.xml; sourceTree = "<group>"; };
		143A7CC81391CD5500573D7B /* haarcascade_fullbody.xml */ = {isa = PBXFileReference; fileEncoding = 4; lastKnownFileType = text.xml; path = haarcascade_fullbody.xml; sourceTree = "<group>"; };
		143A7CC91391CD5500573D7B /* haarcascade_lowerbody.xml */ = {isa = PBXFileReference; fileEncoding = 4; lastKnownFileType = text.xml; path = haarcascade_lowerbody.xml; sourceTree = "<group>"; };
		143A7CCA1391CD5500573D7B /* haarcascade_profileface.xml */ = {isa = PBXFileReference; fileEncoding = 4; lastKnownFileType = text.xml; path = haarcascade_profileface.xml; sourceTree = "<group>"; };
		143A7CCB1391CD5500573D7B /* haarcascade_upperbody.xml */ = {isa = PBXFileReference; fileEncoding = 4; lastKnownFileType = text.xml; path = haarcascade_upperbody.xml; sourceTree = "<group>"; };
		143A7CCC1391CD5500573D7B /* lenna.jpg */ = {isa = PBXFileReference; lastKnownFileType = image.jpeg; path = lenna.jpg; sourceTree = "<group>"; };
		143A7CCD1391CD5500573D7B /* FaceDetectTestViewController.h */ = {isa = PBXFileReference; fileEncoding = 4; lastKnownFileType = sourcecode.c.h; path = FaceDetectTestViewController.h; sourceTree = "<group>"; };
		143A7CCE1391CD5500573D7B /* FaceDetectTestViewController.m */ = {isa = PBXFileReference; fileEncoding = 4; lastKnownFileType = sourcecode.c.objc; path = FaceDetectTestViewController.m; sourceTree = "<group>"; };
		143A7CCF1391CD5500573D7B /* FaceDetectTestViewController.xib */ = {isa = PBXFileReference; fileEncoding = 4; lastKnownFileType = file.xib; path = FaceDetectTestViewController.xib; sourceTree = "<group>"; };
		143A7CD01391CD5500573D7B /* UIViewController+test.h */ = {isa = PBXFileReference; fileEncoding = 4; lastKnownFileType = sourcecode.c.h; path = "UIViewController+test.h"; sourceTree = "<group>"; };
		143A7CD11391CD5500573D7B /* UIViewController+test.m */ = {isa = PBXFileReference; fileEncoding = 4; lastKnownFileType = sourcecode.c.objc; path = "UIViewController+test.m"; sourceTree = "<group>"; };
		143A7CF31391D16200573D7B /* QuartzHelpLibrary.h */ = {isa = PBXFileReference; fileEncoding = 4; lastKnownFileType = sourcecode.c.h; name = QuartzHelpLibrary.h; path = "../../Quartz-Help-Library/QuartzHelpLibrary.h"; sourceTree = "<group>"; };
		143A7CF41391D16200573D7B /* QuartzHelpLibrary.m */ = {isa = PBXFileReference; fileEncoding = 4; lastKnownFileType = sourcecode.c.objc; name = QuartzHelpLibrary.m; path = "../../Quartz-Help-Library/QuartzHelpLibrary.m"; sourceTree = "<group>"; };
		143A7CF61391D17000573D7B /* OpenCVHelpLibrary.h */ = {isa = PBXFileReference; fileEncoding = 4; lastKnownFileType = sourcecode.c.h; name = OpenCVHelpLibrary.h; path = "../../OpenCV-Help-Library/OpenCVHelpLibrary.h"; sourceTree = "<group>"; };
		143A7CF71391D17000573D7B /* OpenCVHelpLibrary.m */ = {isa = PBXFileReference; fileEncoding = 4; lastKnownFileType = sourcecode.c.objc; name = OpenCVHelpLibrary.m; path = "../../OpenCV-Help-Library/OpenCVHelpLibrary.m"; sourceTree = "<group>"; };
		1480BFCC137318A9005E2832 /* OpenCVTest.app */ = {isa = PBXFileReference; explicitFileType = wrapper.application; includeInIndex = 0; path = OpenCVTest.app; sourceTree = BUILT_PRODUCTS_DIR; };
		1480BFD0137318A9005E2832 /* UIKit.framework */ = {isa = PBXFileReference; lastKnownFileType = wrapper.framework; name = UIKit.framework; path = System/Library/Frameworks/UIKit.framework; sourceTree = SDKROOT; };
		1480BFD2137318A9005E2832 /* Foundation.framework */ = {isa = PBXFileReference; lastKnownFileType = wrapper.framework; name = Foundation.framework; path = System/Library/Frameworks/Foundation.framework; sourceTree = SDKROOT; };
		1480BFD4137318A9005E2832 /* CoreGraphics.framework */ = {isa = PBXFileReference; lastKnownFileType = wrapper.framework; name = CoreGraphics.framework; path = System/Library/Frameworks/CoreGraphics.framework; sourceTree = SDKROOT; };
		1480BFD8137318A9005E2832 /* OpenCVTest-Info.plist */ = {isa = PBXFileReference; lastKnownFileType = text.plist.xml; path = "OpenCVTest-Info.plist"; sourceTree = "<group>"; };
		1480BFDC137318A9005E2832 /* OpenCVTest-Prefix.pch */ = {isa = PBXFileReference; lastKnownFileType = sourcecode.c.h; path = "OpenCVTest-Prefix.pch"; sourceTree = "<group>"; };
		1480BFDD137318A9005E2832 /* main.m */ = {isa = PBXFileReference; lastKnownFileType = sourcecode.c.objc; path = main.m; sourceTree = "<group>"; };
		14A6F087137579380078A83F /* libopencv_contrib.a */ = {isa = PBXFileReference; lastKnownFileType = archive.ar; name = libopencv_contrib.a; path = ../build/lib/libopencv_contrib.a; sourceTree = "<group>"; };
		14A6F088137579380078A83F /* libopencv_core.a */ = {isa = PBXFileReference; lastKnownFileType = archive.ar; name = libopencv_core.a; path = ../build/lib/libopencv_core.a; sourceTree = "<group>"; };
		14A6F089137579380078A83F /* libopencv_features2d.a */ = {isa = PBXFileReference; lastKnownFileType = archive.ar; name = libopencv_features2d.a; path = ../build/lib/libopencv_features2d.a; sourceTree = "<group>"; };
		14A6F08A137579380078A83F /* libopencv_flann.a */ = {isa = PBXFileReference; lastKnownFileType = archive.ar; name = libopencv_flann.a; path = ../build/lib/libopencv_flann.a; sourceTree = "<group>"; };
		14A6F08B137579380078A83F /* libopencv_gpu.a */ = {isa = PBXFileReference; lastKnownFileType = archive.ar; name = libopencv_gpu.a; path = ../build/lib/libopencv_gpu.a; sourceTree = "<group>"; };
		14A6F08C137579380078A83F /* libopencv_imgproc.a */ = {isa = PBXFileReference; lastKnownFileType = archive.ar; name = libopencv_imgproc.a; path = ../build/lib/libopencv_imgproc.a; sourceTree = "<group>"; };
		14A6F08D137579380078A83F /* libopencv_legacy.a */ = {isa = PBXFileReference; lastKnownFileType = archive.ar; name = libopencv_legacy.a; path = ../build/lib/libopencv_legacy.a; sourceTree = "<group>"; };
		14A6F08E137579380078A83F /* libopencv_ml.a */ = {isa = PBXFileReference; lastKnownFileType = archive.ar; name = libopencv_ml.a; path = ../build/lib/libopencv_ml.a; sourceTree = "<group>"; };
		14A6F08F137579380078A83F /* libopencv_objdetect.a */ = {isa = PBXFileReference; lastKnownFileType = archive.ar; name = libopencv_objdetect.a; path = ../build/lib/libopencv_objdetect.a; sourceTree = "<group>"; };
		14A6F090137579380078A83F /* libopencv_video.a */ = {isa = PBXFileReference; lastKnownFileType = archive.ar; name = libopencv_video.a; path = ../build/lib/libopencv_video.a; sourceTree = "<group>"; };
		14DE34671373BB7A00746FC4 /* Accelerate.framework */ = {isa = PBXFileReference; lastKnownFileType = wrapper.framework; name = Accelerate.framework; path = System/Library/Frameworks/Accelerate.framework; sourceTree = SDKROOT; };
/* End PBXFileReference section */

/* Begin PBXFrameworksBuildPhase section */
		1480BFC9137318A9005E2832 /* Frameworks */ = {
			isa = PBXFrameworksBuildPhase;
			buildActionMask = 2147483647;
			files = (
				14DE34681373BB7A00746FC4 /* Accelerate.framework in Frameworks */,
				1480BFD1137318A9005E2832 /* UIKit.framework in Frameworks */,
				1480BFD3137318A9005E2832 /* Foundation.framework in Frameworks */,
				1480BFD5137318A9005E2832 /* CoreGraphics.framework in Frameworks */,
				14A6F091137579380078A83F /* libopencv_contrib.a in Frameworks */,
				14A6F092137579380078A83F /* libopencv_core.a in Frameworks */,
				14A6F093137579380078A83F /* libopencv_features2d.a in Frameworks */,
				14A6F094137579380078A83F /* libopencv_flann.a in Frameworks */,
				14A6F095137579380078A83F /* libopencv_gpu.a in Frameworks */,
				14A6F096137579380078A83F /* libopencv_imgproc.a in Frameworks */,
				14A6F097137579380078A83F /* libopencv_legacy.a in Frameworks */,
				14A6F098137579380078A83F /* libopencv_ml.a in Frameworks */,
				14A6F099137579380078A83F /* libopencv_objdetect.a in Frameworks */,
				14A6F09A137579380078A83F /* libopencv_video.a in Frameworks */,
			);
			runOnlyForDeploymentPostprocessing = 0;
		};
/* End PBXFrameworksBuildPhase section */

/* Begin PBXGroup section */
		143A7CA61391CD3A00573D7B /* Resources */ = {
			isa = PBXGroup;
			children = (
				143A7CA71391CD3A00573D7B /* InfoPlist.strings */,
				143A7CA91391CD3A00573D7B /* MainWindow-iPad.xib */,
				143A7CAB1391CD3A00573D7B /* MainWindow.xib */,
				143A7CAD1391CD3A00573D7B /* RootViewController.xib */,
				143A7CAF1391CD3A00573D7B /* image */,
			);
			name = Resources;
			path = OpenCVTest/Resources;
			sourceTree = "<group>";
		};
		143A7CAF1391CD3A00573D7B /* image */ = {
			isa = PBXGroup;
			children = (
				143A7CB01391CD3A00573D7B /* Default-Landscape.png */,
				143A7CB11391CD3A00573D7B /* Default-Portrait.png */,
				143A7CB21391CD3A00573D7B /* Default.png */,
				143A7CB31391CD3A00573D7B /* Default@2x.png */,
				143A7CB41391CD3A00573D7B /* icon114x114.png */,
				143A7CB51391CD3A00573D7B /* icon57x57.png */,
				143A7CB61391CD3A00573D7B /* icon72x72.png */,
			);
			path = image;
			sourceTree = "<group>";
		};
		143A7CC21391CD5500573D7B /* TestViewController */ = {
			isa = PBXGroup;
			children = (
				143A7CD01391CD5500573D7B /* UIViewController+test.h */,
				143A7CD11391CD5500573D7B /* UIViewController+test.m */,
				143A7CCD1391CD5500573D7B /* FaceDetectTestViewController.h */,
				143A7CCE1391CD5500573D7B /* FaceDetectTestViewController.m */,
				143A7CCF1391CD5500573D7B /* FaceDetectTestViewController.xib */,
				143A7CC31391CD5500573D7B /* data */,
			);
			name = TestViewController;
			path = OpenCVTest/TestViewController;
			sourceTree = "<group>";
		};
		143A7CC31391CD5500573D7B /* data */ = {
			isa = PBXGroup;
			children = (
				143A7CC41391CD5500573D7B /* haarcascade_frontalface_alt.xml */,
				143A7CC51391CD5500573D7B /* haarcascade_frontalface_alt2.xml */,
				143A7CC61391CD5500573D7B /* haarcascade_frontalface_alt_tree.xml */,
				143A7CC71391CD5500573D7B /* haarcascade_frontalface_default.xml */,
				143A7CC81391CD5500573D7B /* haarcascade_fullbody.xml */,
				143A7CC91391CD5500573D7B /* haarcascade_lowerbody.xml */,
				143A7CCA1391CD5500573D7B /* haarcascade_profileface.xml */,
				143A7CCB1391CD5500573D7B /* haarcascade_upperbody.xml */,
				143A7CCC1391CD5500573D7B /* lenna.jpg */,
			);
			path = data;
			sourceTree = "<group>";
		};
		143A7CF21391D14F00573D7B /* Help Library */ = {
			isa = PBXGroup;
			children = (
				143A7CF61391D17000573D7B /* OpenCVHelpLibrary.h */,
				143A7CF71391D17000573D7B /* OpenCVHelpLibrary.m */,
				143A7CF31391D16200573D7B /* QuartzHelpLibrary.h */,
				143A7CF41391D16200573D7B /* QuartzHelpLibrary.m */,
			);
			name = "Help Library";
			sourceTree = "<group>";
		};
		1480BFC1137318A9005E2832 = {
			isa = PBXGroup;
			children = (
				143A7CF21391D14F00573D7B /* Help Library */,
				1480BFD6137318A9005E2832 /* OpenCVTest */,
				143A7CC21391CD5500573D7B /* TestViewController */,
				143A7CA61391CD3A00573D7B /* Resources */,
				14DE34391373B3D900746FC4 /* Static libraries */,
				1480BFCF137318A9005E2832 /* Frameworks */,
				1480BFCD137318A9005E2832 /* Products */,
			);
			sourceTree = "<group>";
		};
		1480BFCD137318A9005E2832 /* Products */ = {
			isa = PBXGroup;
			children = (
				1480BFCC137318A9005E2832 /* OpenCVTest.app */,
			);
			name = Products;
			sourceTree = "<group>";
		};
		1480BFCF137318A9005E2832 /* Frameworks */ = {
			isa = PBXGroup;
			children = (
				14DE34671373BB7A00746FC4 /* Accelerate.framework */,
				1480BFD0137318A9005E2832 /* UIKit.framework */,
				1480BFD2137318A9005E2832 /* Foundation.framework */,
				1480BFD4137318A9005E2832 /* CoreGraphics.framework */,
			);
			name = Frameworks;
			sourceTree = "<group>";
		};
		1480BFD6137318A9005E2832 /* OpenCVTest */ = {
			isa = PBXGroup;
			children = (
				143A7CA01391CD2B00573D7B /* OpenCVTestAppDelegate.h */,
				143A7CA11391CD2B00573D7B /* OpenCVTestAppDelegate.m */,
				143A7CA21391CD2B00573D7B /* RootViewController.h */,
				143A7CA31391CD2B00573D7B /* RootViewController.m */,
				1480BFD8137318A9005E2832 /* OpenCVTest-Info.plist */,
				1480BFDC137318A9005E2832 /* OpenCVTest-Prefix.pch */,
				1480BFDD137318A9005E2832 /* main.m */,
			);
			path = OpenCVTest;
			sourceTree = "<group>";
		};
		14DE34391373B3D900746FC4 /* Static libraries */ = {
			isa = PBXGroup;
			children = (
				14A6F087137579380078A83F /* libopencv_contrib.a */,
				14A6F088137579380078A83F /* libopencv_core.a */,
				14A6F089137579380078A83F /* libopencv_features2d.a */,
				14A6F08A137579380078A83F /* libopencv_flann.a */,
				14A6F08B137579380078A83F /* libopencv_gpu.a */,
				14A6F08C137579380078A83F /* libopencv_imgproc.a */,
				14A6F08D137579380078A83F /* libopencv_legacy.a */,
				14A6F08E137579380078A83F /* libopencv_ml.a */,
				14A6F08F137579380078A83F /* libopencv_objdetect.a */,
				14A6F090137579380078A83F /* libopencv_video.a */,
			);
			name = "Static libraries";
			sourceTree = "<group>";
		};
/* End PBXGroup section */

/* Begin PBXNativeTarget section */
		1480BFCB137318A9005E2832 /* OpenCVTest */ = {
			isa = PBXNativeTarget;
			buildConfigurationList = 1480BFED137318A9005E2832 /* Build configuration list for PBXNativeTarget "OpenCVTest" */;
			buildPhases = (
				1480BFC8137318A9005E2832 /* Sources */,
				1480BFC9137318A9005E2832 /* Frameworks */,
				1480BFCA137318A9005E2832 /* Resources */,
			);
			buildRules = (
			);
			dependencies = (
			);
			name = OpenCVTest;
			productName = OpenCVTest;
			productReference = 1480BFCC137318A9005E2832 /* OpenCVTest.app */;
			productType = "com.apple.product-type.application";
		};
/* End PBXNativeTarget section */

/* Begin PBXProject section */
		1480BFC3137318A9005E2832 /* Project object */ = {
			isa = PBXProject;
			buildConfigurationList = 1480BFC6137318A9005E2832 /* Build configuration list for PBXProject "OpenCVTest" */;
			compatibilityVersion = "Xcode 3.2";
			developmentRegion = English;
			hasScannedForEncodings = 0;
			knownRegions = (
				en,
			);
			mainGroup = 1480BFC1137318A9005E2832;
			productRefGroup = 1480BFCD137318A9005E2832 /* Products */;
			projectDirPath = "";
			projectRoot = "";
			targets = (
				1480BFCB137318A9005E2832 /* OpenCVTest */,
			);
		};
/* End PBXProject section */

/* Begin PBXResourcesBuildPhase section */
		1480BFCA137318A9005E2832 /* Resources */ = {
			isa = PBXResourcesBuildPhase;
			buildActionMask = 2147483647;
			files = (
				143A7CB71391CD3A00573D7B /* InfoPlist.strings in Resources */,
				143A7CB81391CD3A00573D7B /* MainWindow-iPad.xib in Resources */,
				143A7CB91391CD3A00573D7B /* MainWindow.xib in Resources */,
				143A7CBA1391CD3A00573D7B /* RootViewController.xib in Resources */,
				143A7CBB1391CD3A00573D7B /* Default-Landscape.png in Resources */,
				143A7CBC1391CD3A00573D7B /* Default-Portrait.png in Resources */,
				143A7CBD1391CD3A00573D7B /* Default.png in Resources */,
				143A7CBE1391CD3A00573D7B /* Default@2x.png in Resources */,
				143A7CBF1391CD3A00573D7B /* icon114x114.png in Resources */,
				143A7CC01391CD3A00573D7B /* icon57x57.png in Resources */,
				143A7CC11391CD3A00573D7B /* icon72x72.png in Resources */,
				143A7CD21391CD5500573D7B /* haarcascade_frontalface_alt.xml in Resources */,
				143A7CD31391CD5500573D7B /* haarcascade_frontalface_alt2.xml in Resources */,
				143A7CD41391CD5500573D7B /* haarcascade_frontalface_alt_tree.xml in Resources */,
				143A7CD51391CD5500573D7B /* haarcascade_frontalface_default.xml in Resources */,
				143A7CD61391CD5500573D7B /* haarcascade_fullbody.xml in Resources */,
				143A7CD71391CD5500573D7B /* haarcascade_lowerbody.xml in Resources */,
				143A7CD81391CD5500573D7B /* haarcascade_profileface.xml in Resources */,
				143A7CD91391CD5500573D7B /* haarcascade_upperbody.xml in Resources */,
				143A7CDA1391CD5500573D7B /* lenna.jpg in Resources */,
				143A7CDC1391CD5500573D7B /* FaceDetectTestViewController.xib in Resources */,
			);
			runOnlyForDeploymentPostprocessing = 0;
		};
/* End PBXResourcesBuildPhase section */

/* Begin PBXSourcesBuildPhase section */
		1480BFC8137318A9005E2832 /* Sources */ = {
			isa = PBXSourcesBuildPhase;
			buildActionMask = 2147483647;
			files = (
				1480BFDE137318A9005E2832 /* main.m in Sources */,
				143A7CA41391CD2B00573D7B /* OpenCVTestAppDelegate.m in Sources */,
				143A7CA51391CD2B00573D7B /* RootViewController.m in Sources */,
				143A7CDB1391CD5500573D7B /* FaceDetectTestViewController.m in Sources */,
				143A7CDD1391CD5500573D7B /* UIViewController+test.m in Sources */,
				143A7CF51391D16200573D7B /* QuartzHelpLibrary.m in Sources */,
				143A7CF81391D17000573D7B /* OpenCVHelpLibrary.m in Sources */,
			);
			runOnlyForDeploymentPostprocessing = 0;
		};
/* End PBXSourcesBuildPhase section */

/* Begin PBXVariantGroup section */
		143A7CA71391CD3A00573D7B /* InfoPlist.strings */ = {
			isa = PBXVariantGroup;
			children = (
				143A7CA81391CD3A00573D7B /* en */,
			);
			name = InfoPlist.strings;
			sourceTree = "<group>";
		};
		143A7CA91391CD3A00573D7B /* MainWindow-iPad.xib */ = {
			isa = PBXVariantGroup;
			children = (
				143A7CAA1391CD3A00573D7B /* en */,
			);
			name = "MainWindow-iPad.xib";
			sourceTree = "<group>";
		};
		143A7CAB1391CD3A00573D7B /* MainWindow.xib */ = {
			isa = PBXVariantGroup;
			children = (
				143A7CAC1391CD3A00573D7B /* en */,
			);
			name = MainWindow.xib;
			sourceTree = "<group>";
		};
		143A7CAD1391CD3A00573D7B /* RootViewController.xib */ = {
			isa = PBXVariantGroup;
			children = (
				143A7CAE1391CD3A00573D7B /* en */,
			);
			name = RootViewController.xib;
			sourceTree = "<group>";
		};
/* End PBXVariantGroup section */

/* Begin XCBuildConfiguration section */
		1480BFEB137318A9005E2832 /* Debug */ = {
			isa = XCBuildConfiguration;
			buildSettings = {
				ARCHS = "$(ARCHS_STANDARD_32_BIT)";
				"CODE_SIGN_IDENTITY[sdk=iphoneos*]" = "iPhone Developer";
				GCC_C_LANGUAGE_STANDARD = gnu99;
				GCC_OPTIMIZATION_LEVEL = 0;
				GCC_PREPROCESSOR_DEFINITIONS = (
					DEBUG,
					_DEBUG,
				);
				GCC_SYMBOLS_PRIVATE_EXTERN = NO;
				GCC_THUMB_SUPPORT = NO;
				GCC_VERSION = com.apple.compilers.llvmgcc42;
				GCC_WARN_ABOUT_RETURN_TYPE = YES;
				GCC_WARN_UNUSED_VARIABLE = YES;
				IPHONEOS_DEPLOYMENT_TARGET = 4.3;
				ONLY_ACTIVE_ARCH = NO;
				SDKROOT = iphoneos;
			};
			name = Debug;
		};
		1480BFEC137318A9005E2832 /* Release */ = {
			isa = XCBuildConfiguration;
			buildSettings = {
				ARCHS = "$(ARCHS_STANDARD_32_BIT)";
				"CODE_SIGN_IDENTITY[sdk=iphoneos*]" = "iPhone Developer";
				GCC_C_LANGUAGE_STANDARD = gnu99;
				GCC_OPTIMIZATION_LEVEL = 3;
				GCC_THUMB_SUPPORT = NO;
				GCC_VERSION = com.apple.compilers.llvmgcc42;
				GCC_WARN_ABOUT_RETURN_TYPE = YES;
				GCC_WARN_UNUSED_VARIABLE = YES;
				IPHONEOS_DEPLOYMENT_TARGET = 4.3;
				ONLY_ACTIVE_ARCH = NO;
				OTHER_CFLAGS = "-DNS_BLOCK_ASSERTIONS=1";
				SDKROOT = iphoneos;
			};
			name = Release;
		};
		1480BFEE137318A9005E2832 /* Debug */ = {
			isa = XCBuildConfiguration;
			buildSettings = {
				ALWAYS_SEARCH_USER_PATHS = NO;
				COPY_PHASE_STRIP = NO;
				GCC_DYNAMIC_NO_PIC = NO;
				GCC_PRECOMPILE_PREFIX_HEADER = YES;
				GCC_PREFIX_HEADER = "OpenCVTest/OpenCVTest-Prefix.pch";
				GCC_THUMB_SUPPORT = NO;
				HEADER_SEARCH_PATHS = "\"$(SRCROOT)/../build/include\"/**";
				INFOPLIST_FILE = "OpenCVTest/OpenCVTest-Info.plist";
				IPHONEOS_DEPLOYMENT_TARGET = 4.3;
				LIBRARY_SEARCH_PATHS = (
					"$(inherited)",
					"\"$(SRCROOT)/../build/lib\"",
				);
				OTHER_LDFLAGS = (
					"-lstdc++",
					"-lz",
				);
				PRODUCT_NAME = "$(TARGET_NAME)";
				TARGETED_DEVICE_FAMILY = "1,2";
				WRAPPER_EXTENSION = app;
			};
			name = Debug;
		};
		1480BFEF137318A9005E2832 /* Release */ = {
			isa = XCBuildConfiguration;
			buildSettings = {
				ALWAYS_SEARCH_USER_PATHS = NO;
				COPY_PHASE_STRIP = YES;
				GCC_PRECOMPILE_PREFIX_HEADER = YES;
				GCC_PREFIX_HEADER = "OpenCVTest/OpenCVTest-Prefix.pch";
				GCC_THUMB_SUPPORT = NO;
				HEADER_SEARCH_PATHS = "\"$(SRCROOT)/../build/include\"/**";
				INFOPLIST_FILE = "OpenCVTest/OpenCVTest-Info.plist";
				IPHONEOS_DEPLOYMENT_TARGET = 4.3;
				LIBRARY_SEARCH_PATHS = (
					"$(inherited)",
					"\"$(SRCROOT)/../build/lib\"",
				);
				OTHER_LDFLAGS = (
					"-lstdc++",
					"-lz",
				);
				PRODUCT_NAME = "$(TARGET_NAME)";
				TARGETED_DEVICE_FAMILY = "1,2";
				VALIDATE_PRODUCT = YES;
				WRAPPER_EXTENSION = app;
			};
			name = Release;
		};
/* End XCBuildConfiguration section */

/* Begin XCConfigurationList section */
		1480BFC6137318A9005E2832 /* Build configuration list for PBXProject "OpenCVTest" */ = {
			isa = XCConfigurationList;
			buildConfigurations = (
				1480BFEB137318A9005E2832 /* Debug */,
				1480BFEC137318A9005E2832 /* Release */,
			);
			defaultConfigurationIsVisible = 0;
			defaultConfigurationName = Release;
		};
		1480BFED137318A9005E2832 /* Build configuration list for PBXNativeTarget "OpenCVTest" */ = {
			isa = XCConfigurationList;
			buildConfigurations = (
				1480BFEE137318A9005E2832 /* Debug */,
				1480BFEF137318A9005E2832 /* Release */,
			);
			defaultConfigurationIsVisible = 0;
			defaultConfigurationName = Release;
		};
/* End XCConfigurationList section */
	};
	rootObject = 1480BFC3137318A9005E2832 /* Project object */;
}
